
Microsoft Visual Studio Solution File, Format Version 12.00
# Visual Studio Version 17
VisualStudioVersion = 17.14.36705.20 d17.14
MinimumVisualStudioVersion = 10.0.40219.1
Project("{FAE04EC0-301F-11D3-BF4B-00C04F79EFBC}") = "SyncPad", "SyncPad.csproj", "{4F09B553-2C8F-4F24-879C-6A4058A4A707}"
EndProject
Global
	GlobalSection(SolutionConfigurationPlatforms) = preSolution
		Debug|Any CPU = Debug|Any CPU
		Release|Any CPU = Release|Any CPU
	EndGlobalSection
	GlobalSection(ProjectConfigurationPlatforms) = postSolution
		{4F09B553-2C8F-4F24-879C-6A4058A4A707}.Debug|Any CPU.ActiveCfg = Debug|Any CPU
		{4F09B553-2C8F-4F24-879C-6A4058A4A707}.Debug|Any CPU.Build.0 = Debug|Any CPU
		{4F09B553-2C8F-4F24-879C-6A4058A4A707}.Release|Any CPU.ActiveCfg = Release|Any CPU
		{4F09B553-2C8F-4F24-879C-6A4058A4A707}.Release|Any CPU.Build.0 = Release|Any CPU
	EndGlobalSection
	GlobalSection(SolutionProperties) = preSolution
		HideSolutionNode = FALSE
	EndGlobalSection
	GlobalSection(ExtensibilityGlobals) = postSolution
		SolutionGuid = {5ECD3AC9-651A-463E-9408-34091C8F1871}
	EndGlobalSection
EndGlobal
